// !$*UTF8*$!
{
	archiveVersion = 1;
	classes = {
	};
	objectVersion = 55;
	objects = {

/* Begin PBXBuildFile section */
		372D55D428AEB7D7006F1C8D /* DecimalUtil.swift in Sources */ = {isa = PBXBuildFile; fileRef = 372D55D328AEB7D7006F1C8D /* DecimalUtil.swift */; };
		372D55D628AEB813006F1C8D /* CurrencyFormatter.swift in Sources */ = {isa = PBXBuildFile; fileRef = 372D55D528AEB813006F1C8D /* CurrencyFormatter.swift */; };
		372D55E528AED97E006F1C8D /* CurrencyFormatterTests.swift in Sources */ = {isa = PBXBuildFile; fileRef = 372D55E428AED97E006F1C8D /* CurrencyFormatterTests.swift */; };
		372D55E728AFDCF9006F1C8D /* NSNotificationName.swift in Sources */ = {isa = PBXBuildFile; fileRef = 372D55E628AFDCF9006F1C8D /* NSNotificationName.swift */; };
		372D55E928AFDFAF006F1C8D /* UITextField+SecureToggle.swift in Sources */ = {isa = PBXBuildFile; fileRef = 372D55E828AFDFAF006F1C8D /* UITextField+SecureToggle.swift */; };
		372D55EC28B00EE4006F1C8D /* ShakeyBellView.swift in Sources */ = {isa = PBXBuildFile; fileRef = 372D55EB28B00EE4006F1C8D /* ShakeyBellView.swift */; };
		372D55EE28B6C467006F1C8D /* Date+Utils.swift in Sources */ = {isa = PBXBuildFile; fileRef = 372D55ED28B6C467006F1C8D /* Date+Utils.swift */; };
		372D55F028B7C107006F1C8D /* AccountSummaryViewController+Networking.swift in Sources */ = {isa = PBXBuildFile; fileRef = 372D55EF28B7C107006F1C8D /* AccountSummaryViewController+Networking.swift */; };
		374DBC9728BE4F3400E19FA8 /* ProfileTests.swift in Sources */ = {isa = PBXBuildFile; fileRef = 374DBC9628BE4F3400E19FA8 /* ProfileTests.swift */; };
		374DBC9928BE512F00E19FA8 /* AccountTests.swift in Sources */ = {isa = PBXBuildFile; fileRef = 374DBC9828BE512F00E19FA8 /* AccountTests.swift */; };
		374DBC9B28BE9C9A00E19FA8 /* SkeletonLoadable.swift in Sources */ = {isa = PBXBuildFile; fileRef = 374DBC9A28BE9C9A00E19FA8 /* SkeletonLoadable.swift */; };
		374DBC9D28BE9D5300E19FA8 /* SkeletonCell.swift in Sources */ = {isa = PBXBuildFile; fileRef = 374DBC9C28BE9D5300E19FA8 /* SkeletonCell.swift */; };
		37B4F2A228A5406800D34D39 /* DummyViewController.swift in Sources */ = {isa = PBXBuildFile; fileRef = 37B4F2A128A5406800D34D39 /* DummyViewController.swift */; };
		37B4F2A528A5581B00D34D39 /* LocalState.swift in Sources */ = {isa = PBXBuildFile; fileRef = 37B4F2A428A5581B00D34D39 /* LocalState.swift */; };
		37B4F2A728AAD32700D34D39 /* UIViewController+Utils.swift in Sources */ = {isa = PBXBuildFile; fileRef = 37B4F2A628AAD32700D34D39 /* UIViewController+Utils.swift */; };
		37B4F2A928AAD4CB00D34D39 /* MainViewController.swift in Sources */ = {isa = PBXBuildFile; fileRef = 37B4F2A828AAD4CB00D34D39 /* MainViewController.swift */; };
		37B4F2AC28AAE09D00D34D39 /* AccountSummaryViewController.swift in Sources */ = {isa = PBXBuildFile; fileRef = 37B4F2AB28AAE09D00D34D39 /* AccountSummaryViewController.swift */; };
		37B4F2AE28AAE54300D34D39 /* AccountSummaryHeaderView.swift in Sources */ = {isa = PBXBuildFile; fileRef = 37B4F2AD28AAE54300D34D39 /* AccountSummaryHeaderView.swift */; };
		37B4F2B028AAE57000D34D39 /* AccountSummaryHeaderView.xib in Resources */ = {isa = PBXBuildFile; fileRef = 37B4F2AF28AAE57000D34D39 /* AccountSummaryHeaderView.xib */; };
		37B4F2B428ABF2F400D34D39 /* AccountSummaryCell.swift in Sources */ = {isa = PBXBuildFile; fileRef = 37B4F2B328ABF2F400D34D39 /* AccountSummaryCell.swift */; };
		37B50CC12899B57100E2833E /* AppDelegate.swift in Sources */ = {isa = PBXBuildFile; fileRef = 37B50CC02899B57100E2833E /* AppDelegate.swift */; };
		37B50CC52899B57100E2833E /* LoginViewController.swift in Sources */ = {isa = PBXBuildFile; fileRef = 37B50CC42899B57100E2833E /* LoginViewController.swift */; };
		37B50CCA2899B57400E2833E /* Assets.xcassets in Resources */ = {isa = PBXBuildFile; fileRef = 37B50CC92899B57400E2833E /* Assets.xcassets */; };
		37B50CCD2899B57400E2833E /* LaunchScreen.storyboard in Resources */ = {isa = PBXBuildFile; fileRef = 37B50CCB2899B57400E2833E /* LaunchScreen.storyboard */; };
		37B50CD72899C1E300E2833E /* LoginView.swift in Sources */ = {isa = PBXBuildFile; fileRef = 37B50CD62899C1E300E2833E /* LoginView.swift */; };
		37B50CDA289C65CB00E2833E /* OnboardingContainerViewController.swift in Sources */ = {isa = PBXBuildFile; fileRef = 37B50CD9289C65CB00E2833E /* OnboardingContainerViewController.swift */; };
		37B50CDC28A2F53C00E2833E /* OnboardingViewController.swift in Sources */ = {isa = PBXBuildFile; fileRef = 37B50CDB28A2F53C00E2833E /* OnboardingViewController.swift */; };
/* End PBXBuildFile section */

/* Begin PBXContainerItemProxy section */
		372D55DF28AED8E4006F1C8D /* PBXContainerItemProxy */ = {
			isa = PBXContainerItemProxy;
			containerPortal = 37B50CB52899B57100E2833E /* Project object */;
			proxyType = 1;
			remoteGlobalIDString = 37B50CBC2899B57100E2833E;
			remoteInfo = Bankey;
		};
/* End PBXContainerItemProxy section */

/* Begin PBXFileReference section */
		372D55D328AEB7D7006F1C8D /* DecimalUtil.swift */ = {isa = PBXFileReference; lastKnownFileType = sourcecode.swift; path = DecimalUtil.swift; sourceTree = "<group>"; };
		372D55D528AEB813006F1C8D /* CurrencyFormatter.swift */ = {isa = PBXFileReference; lastKnownFileType = sourcecode.swift; path = CurrencyFormatter.swift; sourceTree = "<group>"; };
		372D55DB28AED8E4006F1C8D /* BankeyUnitTests.xctest */ = {isa = PBXFileReference; explicitFileType = wrapper.cfbundle; includeInIndex = 0; path = BankeyUnitTests.xctest; sourceTree = BUILT_PRODUCTS_DIR; };
		372D55E428AED97E006F1C8D /* CurrencyFormatterTests.swift */ = {isa = PBXFileReference; lastKnownFileType = sourcecode.swift; path = CurrencyFormatterTests.swift; sourceTree = "<group>"; };
		372D55E628AFDCF9006F1C8D /* NSNotificationName.swift */ = {isa = PBXFileReference; lastKnownFileType = sourcecode.swift; path = NSNotificationName.swift; sourceTree = "<group>"; };
		372D55E828AFDFAF006F1C8D /* UITextField+SecureToggle.swift */ = {isa = PBXFileReference; lastKnownFileType = sourcecode.swift; path = "UITextField+SecureToggle.swift"; sourceTree = "<group>"; };
		372D55EB28B00EE4006F1C8D /* ShakeyBellView.swift */ = {isa = PBXFileReference; lastKnownFileType = sourcecode.swift; path = ShakeyBellView.swift; sourceTree = "<group>"; };
		372D55ED28B6C467006F1C8D /* Date+Utils.swift */ = {isa = PBXFileReference; lastKnownFileType = sourcecode.swift; path = "Date+Utils.swift"; sourceTree = "<group>"; };
		372D55EF28B7C107006F1C8D /* AccountSummaryViewController+Networking.swift */ = {isa = PBXFileReference; lastKnownFileType = sourcecode.swift; path = "AccountSummaryViewController+Networking.swift"; sourceTree = "<group>"; };
		374DBC9628BE4F3400E19FA8 /* ProfileTests.swift */ = {isa = PBXFileReference; lastKnownFileType = sourcecode.swift; path = ProfileTests.swift; sourceTree = "<group>"; };
		374DBC9828BE512F00E19FA8 /* AccountTests.swift */ = {isa = PBXFileReference; lastKnownFileType = sourcecode.swift; path = AccountTests.swift; sourceTree = "<group>"; };
		374DBC9A28BE9C9A00E19FA8 /* SkeletonLoadable.swift */ = {isa = PBXFileReference; lastKnownFileType = sourcecode.swift; path = SkeletonLoadable.swift; sourceTree = "<group>"; };
		374DBC9C28BE9D5300E19FA8 /* SkeletonCell.swift */ = {isa = PBXFileReference; lastKnownFileType = sourcecode.swift; path = SkeletonCell.swift; sourceTree = "<group>"; };
		37B4F2A128A5406800D34D39 /* DummyViewController.swift */ = {isa = PBXFileReference; lastKnownFileType = sourcecode.swift; path = DummyViewController.swift; sourceTree = "<group>"; };
		37B4F2A428A5581B00D34D39 /* LocalState.swift */ = {isa = PBXFileReference; lastKnownFileType = sourcecode.swift; path = LocalState.swift; sourceTree = "<group>"; };
		37B4F2A628AAD32700D34D39 /* UIViewController+Utils.swift */ = {isa = PBXFileReference; lastKnownFileType = sourcecode.swift; path = "UIViewController+Utils.swift"; sourceTree = "<group>"; };
		37B4F2A828AAD4CB00D34D39 /* MainViewController.swift */ = {isa = PBXFileReference; lastKnownFileType = sourcecode.swift; path = MainViewController.swift; sourceTree = "<group>"; };
		37B4F2AB28AAE09D00D34D39 /* AccountSummaryViewController.swift */ = {isa = PBXFileReference; lastKnownFileType = sourcecode.swift; path = AccountSummaryViewController.swift; sourceTree = "<group>"; };
		37B4F2AD28AAE54300D34D39 /* AccountSummaryHeaderView.swift */ = {isa = PBXFileReference; lastKnownFileType = sourcecode.swift; path = AccountSummaryHeaderView.swift; sourceTree = "<group>"; };
		37B4F2AF28AAE57000D34D39 /* AccountSummaryHeaderView.xib */ = {isa = PBXFileReference; lastKnownFileType = file.xib; path = AccountSummaryHeaderView.xib; sourceTree = "<group>"; };
		37B4F2B328ABF2F400D34D39 /* AccountSummaryCell.swift */ = {isa = PBXFileReference; lastKnownFileType = sourcecode.swift; path = AccountSummaryCell.swift; sourceTree = "<group>"; };
		37B50CBD2899B57100E2833E /* Bankey.app */ = {isa = PBXFileReference; explicitFileType = wrapper.application; includeInIndex = 0; path = Bankey.app; sourceTree = BUILT_PRODUCTS_DIR; };
		37B50CC02899B57100E2833E /* AppDelegate.swift */ = {isa = PBXFileReference; lastKnownFileType = sourcecode.swift; path = AppDelegate.swift; sourceTree = "<group>"; };
		37B50CC42899B57100E2833E /* LoginViewController.swift */ = {isa = PBXFileReference; lastKnownFileType = sourcecode.swift; path = LoginViewController.swift; sourceTree = "<group>"; };
		37B50CC92899B57400E2833E /* Assets.xcassets */ = {isa = PBXFileReference; lastKnownFileType = folder.assetcatalog; path = Assets.xcassets; sourceTree = "<group>"; };
		37B50CCC2899B57400E2833E /* Base */ = {isa = PBXFileReference; lastKnownFileType = file.storyboard; name = Base; path = Base.lproj/LaunchScreen.storyboard; sourceTree = "<group>"; };
		37B50CCE2899B57400E2833E /* Info.plist */ = {isa = PBXFileReference; lastKnownFileType = text.plist.xml; path = Info.plist; sourceTree = "<group>"; };
		37B50CD62899C1E300E2833E /* LoginView.swift */ = {isa = PBXFileReference; lastKnownFileType = sourcecode.swift; path = LoginView.swift; sourceTree = "<group>"; };
		37B50CD9289C65CB00E2833E /* OnboardingContainerViewController.swift */ = {isa = PBXFileReference; lastKnownFileType = sourcecode.swift; path = OnboardingContainerViewController.swift; sourceTree = "<group>"; };
		37B50CDB28A2F53C00E2833E /* OnboardingViewController.swift */ = {isa = PBXFileReference; lastKnownFileType = sourcecode.swift; path = OnboardingViewController.swift; sourceTree = "<group>"; };
/* End PBXFileReference section */

/* Begin PBXFrameworksBuildPhase section */
		372D55D828AED8E4006F1C8D /* Frameworks */ = {
			isa = PBXFrameworksBuildPhase;
			buildActionMask = 2147483647;
			files = (
			);
			runOnlyForDeploymentPostprocessing = 0;
		};
		37B50CBA2899B57100E2833E /* Frameworks */ = {
			isa = PBXFrameworksBuildPhase;
			buildActionMask = 2147483647;
			files = (
			);
			runOnlyForDeploymentPostprocessing = 0;
		};
/* End PBXFrameworksBuildPhase section */

/* Begin PBXGroup section */
		372D55DC28AED8E4006F1C8D /* BankeyUnitTests */ = {
			isa = PBXGroup;
			children = (
				374DBC9528BE4F1A00E19FA8 /* AccountSummary */,
				374DBC9428BE4F0E00E19FA8 /* Utils */,
			);
			path = BankeyUnitTests;
			sourceTree = "<group>";
		};
		372D55EA28B00EC2006F1C8D /* Components */ = {
			isa = PBXGroup;
			children = (
				372D55EB28B00EE4006F1C8D /* ShakeyBellView.swift */,
			);
			path = Components;
			sourceTree = "<group>";
		};
		374DBC9428BE4F0E00E19FA8 /* Utils */ = {
			isa = PBXGroup;
			children = (
				372D55E428AED97E006F1C8D /* CurrencyFormatterTests.swift */,
			);
			path = Utils;
			sourceTree = "<group>";
		};
		374DBC9528BE4F1A00E19FA8 /* AccountSummary */ = {
			isa = PBXGroup;
			children = (
				374DBC9628BE4F3400E19FA8 /* ProfileTests.swift */,
				374DBC9828BE512F00E19FA8 /* AccountTests.swift */,
			);
			path = AccountSummary;
			sourceTree = "<group>";
		};
		37B4F2A328A5580F00D34D39 /* Utils */ = {
			isa = PBXGroup;
			children = (
				37B4F2A428A5581B00D34D39 /* LocalState.swift */,
				37B4F2A628AAD32700D34D39 /* UIViewController+Utils.swift */,
				372D55D328AEB7D7006F1C8D /* DecimalUtil.swift */,
				372D55D528AEB813006F1C8D /* CurrencyFormatter.swift */,
				372D55E628AFDCF9006F1C8D /* NSNotificationName.swift */,
				372D55E828AFDFAF006F1C8D /* UITextField+SecureToggle.swift */,
				372D55ED28B6C467006F1C8D /* Date+Utils.swift */,
			);
			path = Utils;
			sourceTree = "<group>";
		};
		37B4F2AA28AAE07100D34D39 /* AccountSummary */ = {
			isa = PBXGroup;
			children = (
				37B4F2AB28AAE09D00D34D39 /* AccountSummaryViewController.swift */,
				372D55EF28B7C107006F1C8D /* AccountSummaryViewController+Networking.swift */,
				37B4F2B128ABF2B400D34D39 /* Header */,
				37B4F2B228ABF2CD00D34D39 /* Cells */,
			);
			path = AccountSummary;
			sourceTree = "<group>";
		};
		37B4F2B128ABF2B400D34D39 /* Header */ = {
			isa = PBXGroup;
			children = (
				37B4F2AD28AAE54300D34D39 /* AccountSummaryHeaderView.swift */,
				37B4F2AF28AAE57000D34D39 /* AccountSummaryHeaderView.xib */,
			);
			path = Header;
			sourceTree = "<group>";
		};
		37B4F2B228ABF2CD00D34D39 /* Cells */ = {
			isa = PBXGroup;
			children = (
				37B4F2B328ABF2F400D34D39 /* AccountSummaryCell.swift */,
				374DBC9A28BE9C9A00E19FA8 /* SkeletonLoadable.swift */,
				374DBC9C28BE9D5300E19FA8 /* SkeletonCell.swift */,
			);
			path = Cells;
			sourceTree = "<group>";
		};
		37B50CB42899B57100E2833E = {
			isa = PBXGroup;
			children = (
				37B50CBF2899B57100E2833E /* Bankey */,
				372D55DC28AED8E4006F1C8D /* BankeyUnitTests */,
				37B50CBE2899B57100E2833E /* Products */,
			);
			sourceTree = "<group>";
		};
		37B50CBE2899B57100E2833E /* Products */ = {
			isa = PBXGroup;
			children = (
				37B50CBD2899B57100E2833E /* Bankey.app */,
				372D55DB28AED8E4006F1C8D /* BankeyUnitTests.xctest */,
			);
			name = Products;
			sourceTree = "<group>";
		};
		37B50CBF2899B57100E2833E /* Bankey */ = {
			isa = PBXGroup;
			children = (
				37B50CC02899B57100E2833E /* AppDelegate.swift */,
				37B4F2A828AAD4CB00D34D39 /* MainViewController.swift */,
				37B50CD52899C1BF00E2833E /* Login */,
				37B50CD8289C659700E2833E /* Onboarding */,
				37B4F2AA28AAE07100D34D39 /* AccountSummary */,
				37B4F2A328A5580F00D34D39 /* Utils */,
				372D55EA28B00EC2006F1C8D /* Components */,
				37B50CD42899C17800E2833E /* Files */,
			);
			path = Bankey;
			sourceTree = "<group>";
		};
		37B50CD42899C17800E2833E /* Files */ = {
			isa = PBXGroup;
			children = (
				37B50CC92899B57400E2833E /* Assets.xcassets */,
				37B50CCB2899B57400E2833E /* LaunchScreen.storyboard */,
				37B50CCE2899B57400E2833E /* Info.plist */,
			);
			name = Files;
			sourceTree = "<group>";
		};
		37B50CD52899C1BF00E2833E /* Login */ = {
			isa = PBXGroup;
			children = (
				37B50CC42899B57100E2833E /* LoginViewController.swift */,
				37B50CD62899C1E300E2833E /* LoginView.swift */,
				37B4F2A128A5406800D34D39 /* DummyViewController.swift */,
			);
			path = Login;
			sourceTree = "<group>";
		};
		37B50CD8289C659700E2833E /* Onboarding */ = {
			isa = PBXGroup;
			children = (
				37B50CD9289C65CB00E2833E /* OnboardingContainerViewController.swift */,
				37B50CDB28A2F53C00E2833E /* OnboardingViewController.swift */,
			);
			path = Onboarding;
			sourceTree = "<group>";
		};
/* End PBXGroup section */

/* Begin PBXNativeTarget section */
		372D55DA28AED8E4006F1C8D /* BankeyUnitTests */ = {
			isa = PBXNativeTarget;
			buildConfigurationList = 372D55E128AED8E4006F1C8D /* Build configuration list for PBXNativeTarget "BankeyUnitTests" */;
			buildPhases = (
				372D55D728AED8E4006F1C8D /* Sources */,
				372D55D828AED8E4006F1C8D /* Frameworks */,
				372D55D928AED8E4006F1C8D /* Resources */,
			);
			buildRules = (
			);
			dependencies = (
				372D55E028AED8E4006F1C8D /* PBXTargetDependency */,
			);
			name = BankeyUnitTests;
			productName = BankeyUnitTests;
			productReference = 372D55DB28AED8E4006F1C8D /* BankeyUnitTests.xctest */;
			productType = "com.apple.product-type.bundle.unit-test";
		};
		37B50CBC2899B57100E2833E /* Bankey */ = {
			isa = PBXNativeTarget;
			buildConfigurationList = 37B50CD12899B57400E2833E /* Build configuration list for PBXNativeTarget "Bankey" */;
			buildPhases = (
				37B50CB92899B57100E2833E /* Sources */,
				37B50CBA2899B57100E2833E /* Frameworks */,
				37B50CBB2899B57100E2833E /* Resources */,
			);
			buildRules = (
			);
			dependencies = (
			);
			name = Bankey;
			productName = Bankey;
			productReference = 37B50CBD2899B57100E2833E /* Bankey.app */;
			productType = "com.apple.product-type.application";
		};
/* End PBXNativeTarget section */

/* Begin PBXProject section */
		37B50CB52899B57100E2833E /* Project object */ = {
			isa = PBXProject;
			attributes = {
				BuildIndependentTargetsInParallel = 1;
				LastSwiftUpdateCheck = 1340;
				LastUpgradeCheck = 1340;
				TargetAttributes = {
					372D55DA28AED8E4006F1C8D = {
						CreatedOnToolsVersion = 13.4.1;
						LastSwiftMigration = 1340;
						TestTargetID = 37B50CBC2899B57100E2833E;
					};
					37B50CBC2899B57100E2833E = {
						CreatedOnToolsVersion = 13.4.1;
					};
				};
			};
			buildConfigurationList = 37B50CB82899B57100E2833E /* Build configuration list for PBXProject "Bankey" */;
			compatibilityVersion = "Xcode 13.0";
			developmentRegion = en;
			hasScannedForEncodings = 0;
			knownRegions = (
				en,
				Base,
			);
			mainGroup = 37B50CB42899B57100E2833E;
			productRefGroup = 37B50CBE2899B57100E2833E /* Products */;
			projectDirPath = "";
			projectRoot = "";
			targets = (
				37B50CBC2899B57100E2833E /* Bankey */,
				372D55DA28AED8E4006F1C8D /* BankeyUnitTests */,
			);
		};
/* End PBXProject section */

/* Begin PBXResourcesBuildPhase section */
		372D55D928AED8E4006F1C8D /* Resources */ = {
			isa = PBXResourcesBuildPhase;
			buildActionMask = 2147483647;
			files = (
			);
			runOnlyForDeploymentPostprocessing = 0;
		};
		37B50CBB2899B57100E2833E /* Resources */ = {
			isa = PBXResourcesBuildPhase;
			buildActionMask = 2147483647;
			files = (
				37B4F2B028AAE57000D34D39 /* AccountSummaryHeaderView.xib in Resources */,
				37B50CCD2899B57400E2833E /* LaunchScreen.storyboard in Resources */,
				37B50CCA2899B57400E2833E /* Assets.xcassets in Resources */,
			);
			runOnlyForDeploymentPostprocessing = 0;
		};
/* End PBXResourcesBuildPhase section */

/* Begin PBXSourcesBuildPhase section */
		372D55D728AED8E4006F1C8D /* Sources */ = {
			isa = PBXSourcesBuildPhase;
			buildActionMask = 2147483647;
			files = (
				372D55E528AED97E006F1C8D /* CurrencyFormatterTests.swift in Sources */,
				374DBC9928BE512F00E19FA8 /* AccountTests.swift in Sources */,
				374DBC9728BE4F3400E19FA8 /* ProfileTests.swift in Sources */,
			);
			runOnlyForDeploymentPostprocessing = 0;
		};
		37B50CB92899B57100E2833E /* Sources */ = {
			isa = PBXSourcesBuildPhase;
			buildActionMask = 2147483647;
			files = (
				37B4F2A728AAD32700D34D39 /* UIViewController+Utils.swift in Sources */,
				374DBC9D28BE9D5300E19FA8 /* SkeletonCell.swift in Sources */,
				372D55EE28B6C467006F1C8D /* Date+Utils.swift in Sources */,
				37B50CD72899C1E300E2833E /* LoginView.swift in Sources */,
				37B4F2A528A5581B00D34D39 /* LocalState.swift in Sources */,
				372D55D428AEB7D7006F1C8D /* DecimalUtil.swift in Sources */,
				372D55E928AFDFAF006F1C8D /* UITextField+SecureToggle.swift in Sources */,
				37B4F2AE28AAE54300D34D39 /* AccountSummaryHeaderView.swift in Sources */,
				372D55D628AEB813006F1C8D /* CurrencyFormatter.swift in Sources */,
				37B4F2A228A5406800D34D39 /* DummyViewController.swift in Sources */,
				372D55E728AFDCF9006F1C8D /* NSNotificationName.swift in Sources */,
				37B50CC52899B57100E2833E /* LoginViewController.swift in Sources */,
				372D55EC28B00EE4006F1C8D /* ShakeyBellView.swift in Sources */,
				37B4F2B428ABF2F400D34D39 /* AccountSummaryCell.swift in Sources */,
				37B50CDC28A2F53C00E2833E /* OnboardingViewController.swift in Sources */,
				37B4F2A928AAD4CB00D34D39 /* MainViewController.swift in Sources */,
				37B4F2AC28AAE09D00D34D39 /* AccountSummaryViewController.swift in Sources */,
				37B50CC12899B57100E2833E /* AppDelegate.swift in Sources */,
				37B50CDA289C65CB00E2833E /* OnboardingContainerViewController.swift in Sources */,
				374DBC9B28BE9C9A00E19FA8 /* SkeletonLoadable.swift in Sources */,
				372D55F028B7C107006F1C8D /* AccountSummaryViewController+Networking.swift in Sources */,
			);
			runOnlyForDeploymentPostprocessing = 0;
		};
/* End PBXSourcesBuildPhase section */

/* Begin PBXTargetDependency section */
		372D55E028AED8E4006F1C8D /* PBXTargetDependency */ = {
			isa = PBXTargetDependency;
			target = 37B50CBC2899B57100E2833E /* Bankey */;
			targetProxy = 372D55DF28AED8E4006F1C8D /* PBXContainerItemProxy */;
		};
/* End PBXTargetDependency section */

/* Begin PBXVariantGroup section */
		37B50CCB2899B57400E2833E /* LaunchScreen.storyboard */ = {
			isa = PBXVariantGroup;
			children = (
				37B50CCC2899B57400E2833E /* Base */,
			);
			name = LaunchScreen.storyboard;
			sourceTree = "<group>";
		};
/* End PBXVariantGroup section */

/* Begin XCBuildConfiguration section */
		372D55E228AED8E4006F1C8D /* Debug */ = {
			isa = XCBuildConfiguration;
			buildSettings = {
				BUNDLE_LOADER = "$(TEST_HOST)";
				CLANG_ENABLE_MODULES = YES;
				CODE_SIGN_STYLE = Automatic;
				CURRENT_PROJECT_VERSION = 1;
				DEVELOPMENT_TEAM = 7J662A57EN;
				GENERATE_INFOPLIST_FILE = YES;
				LD_RUNPATH_SEARCH_PATHS = (
					"$(inherited)",
					"@executable_path/Frameworks",
					"@loader_path/Frameworks",
				);
				MARKETING_VERSION = 1.0;
				PRODUCT_BUNDLE_IDENTIFIER = com.nitsujnella.BankeyUnitTests;
				PRODUCT_NAME = "$(TARGET_NAME)";
				SWIFT_EMIT_LOC_STRINGS = NO;
				SWIFT_OPTIMIZATION_LEVEL = "-Onone";
				SWIFT_VERSION = 5.0;
				TARGETED_DEVICE_FAMILY = "1,2";
				TEST_HOST = "$(BUILT_PRODUCTS_DIR)/Bankey.app/Bankey";
			};
			name = Debug;
		};
		372D55E328AED8E4006F1C8D /* Release */ = {
			isa = XCBuildConfiguration;
			buildSettings = {
				BUNDLE_LOADER = "$(TEST_HOST)";
				CLANG_ENABLE_MODULES = YES;
				CODE_SIGN_STYLE = Automatic;
				CURRENT_PROJECT_VERSION = 1;
				DEVELOPMENT_TEAM = 7J662A57EN;
				GENERATE_INFOPLIST_FILE = YES;
				LD_RUNPATH_SEARCH_PATHS = (
					"$(inherited)",
					"@executable_path/Frameworks",
					"@loader_path/Frameworks",
				);
				MARKETING_VERSION = 1.0;
				PRODUCT_BUNDLE_IDENTIFIER = com.nitsujnella.BankeyUnitTests;
				PRODUCT_NAME = "$(TARGET_NAME)";
				SWIFT_EMIT_LOC_STRINGS = NO;
				SWIFT_VERSION = 5.0;
				TARGETED_DEVICE_FAMILY = "1,2";
				TEST_HOST = "$(BUILT_PRODUCTS_DIR)/Bankey.app/Bankey";
			};
			name = Release;
		};
		37B50CCF2899B57400E2833E /* Debug */ = {
			isa = XCBuildConfiguration;
			buildSettings = {
				ALWAYS_SEARCH_USER_PATHS = NO;
				CLANG_ANALYZER_NONNULL = YES;
				CLANG_ANALYZER_NUMBER_OBJECT_CONVERSION = YES_AGGRESSIVE;
				CLANG_CXX_LANGUAGE_STANDARD = "gnu++17";
				CLANG_ENABLE_MODULES = YES;
				CLANG_ENABLE_OBJC_ARC = YES;
				CLANG_ENABLE_OBJC_WEAK = YES;
				CLANG_WARN_BLOCK_CAPTURE_AUTORELEASING = YES;
				CLANG_WARN_BOOL_CONVERSION = YES;
				CLANG_WARN_COMMA = YES;
				CLANG_WARN_CONSTANT_CONVERSION = YES;
				CLANG_WARN_DEPRECATED_OBJC_IMPLEMENTATIONS = YES;
				CLANG_WARN_DIRECT_OBJC_ISA_USAGE = YES_ERROR;
				CLANG_WARN_DOCUMENTATION_COMMENTS = YES;
				CLANG_WARN_EMPTY_BODY = YES;
				CLANG_WARN_ENUM_CONVERSION = YES;
				CLANG_WARN_INFINITE_RECURSION = YES;
				CLANG_WARN_INT_CONVERSION = YES;
				CLANG_WARN_NON_LITERAL_NULL_CONVERSION = YES;
				CLANG_WARN_OBJC_IMPLICIT_RETAIN_SELF = YES;
				CLANG_WARN_OBJC_LITERAL_CONVERSION = YES;
				CLANG_WARN_OBJC_ROOT_CLASS = YES_ERROR;
				CLANG_WARN_QUOTED_INCLUDE_IN_FRAMEWORK_HEADER = YES;
				CLANG_WARN_RANGE_LOOP_ANALYSIS = YES;
				CLANG_WARN_STRICT_PROTOTYPES = YES;
				CLANG_WARN_SUSPICIOUS_MOVE = YES;
				CLANG_WARN_UNGUARDED_AVAILABILITY = YES_AGGRESSIVE;
				CLANG_WARN_UNREACHABLE_CODE = YES;
				CLANG_WARN__DUPLICATE_METHOD_MATCH = YES;
				COPY_PHASE_STRIP = NO;
				DEBUG_INFORMATION_FORMAT = dwarf;
				ENABLE_STRICT_OBJC_MSGSEND = YES;
				ENABLE_TESTABILITY = YES;
				GCC_C_LANGUAGE_STANDARD = gnu11;
				GCC_DYNAMIC_NO_PIC = NO;
				GCC_NO_COMMON_BLOCKS = YES;
				GCC_OPTIMIZATION_LEVEL = 0;
				GCC_PREPROCESSOR_DEFINITIONS = (
					"DEBUG=1",
					"$(inherited)",
				);
				GCC_WARN_64_TO_32_BIT_CONVERSION = YES;
				GCC_WARN_ABOUT_RETURN_TYPE = YES_ERROR;
				GCC_WARN_UNDECLARED_SELECTOR = YES;
				GCC_WARN_UNINITIALIZED_AUTOS = YES_AGGRESSIVE;
				GCC_WARN_UNUSED_FUNCTION = YES;
				GCC_WARN_UNUSED_VARIABLE = YES;
				IPHONEOS_DEPLOYMENT_TARGET = 15.5;
				MTL_ENABLE_DEBUG_INFO = INCLUDE_SOURCE;
				MTL_FAST_MATH = YES;
				ONLY_ACTIVE_ARCH = YES;
				SDKROOT = iphoneos;
				SWIFT_ACTIVE_COMPILATION_CONDITIONS = DEBUG;
				SWIFT_OPTIMIZATION_LEVEL = "-Onone";
			};
			name = Debug;
		};
		37B50CD02899B57400E2833E /* Release */ = {
			isa = XCBuildConfiguration;
			buildSettings = {
				ALWAYS_SEARCH_USER_PATHS = NO;
				CLANG_ANALYZER_NONNULL = YES;
				CLANG_ANALYZER_NUMBER_OBJECT_CONVERSION = YES_AGGRESSIVE;
				CLANG_CXX_LANGUAGE_STANDARD = "gnu++17";
				CLANG_ENABLE_MODULES = YES;
				CLANG_ENABLE_OBJC_ARC = YES;
				CLANG_ENABLE_OBJC_WEAK = YES;
				CLANG_WARN_BLOCK_CAPTURE_AUTORELEASING = YES;
				CLANG_WARN_BOOL_CONVERSION = YES;
				CLANG_WARN_COMMA = YES;
				CLANG_WARN_CONSTANT_CONVERSION = YES;
				CLANG_WARN_DEPRECATED_OBJC_IMPLEMENTATIONS = YES;
				CLANG_WARN_DIRECT_OBJC_ISA_USAGE = YES_ERROR;
				CLANG_WARN_DOCUMENTATION_COMMENTS = YES;
				CLANG_WARN_EMPTY_BODY = YES;
				CLANG_WARN_ENUM_CONVERSION = YES;
				CLANG_WARN_INFINITE_RECURSION = YES;
				CLANG_WARN_INT_CONVERSION = YES;
				CLANG_WARN_NON_LITERAL_NULL_CONVERSION = YES;
				CLANG_WARN_OBJC_IMPLICIT_RETAIN_SELF = YES;
				CLANG_WARN_OBJC_LITERAL_CONVERSION = YES;
				CLANG_WARN_OBJC_ROOT_CLASS = YES_ERROR;
				CLANG_WARN_QUOTED_INCLUDE_IN_FRAMEWORK_HEADER = YES;
				CLANG_WARN_RANGE_LOOP_ANALYSIS = YES;
				CLANG_WARN_STRICT_PROTOTYPES = YES;
				CLANG_WARN_SUSPICIOUS_MOVE = YES;
				CLANG_WARN_UNGUARDED_AVAILABILITY = YES_AGGRESSIVE;
				CLANG_WARN_UNREACHABLE_CODE = YES;
				CLANG_WARN__DUPLICATE_METHOD_MATCH = YES;
				COPY_PHASE_STRIP = NO;
				DEBUG_INFORMATION_FORMAT = "dwarf-with-dsym";
				ENABLE_NS_ASSERTIONS = NO;
				ENABLE_STRICT_OBJC_MSGSEND = YES;
				GCC_C_LANGUAGE_STANDARD = gnu11;
				GCC_NO_COMMON_BLOCKS = YES;
				GCC_WARN_64_TO_32_BIT_CONVERSION = YES;
				GCC_WARN_ABOUT_RETURN_TYPE = YES_ERROR;
				GCC_WARN_UNDECLARED_SELECTOR = YES;
				GCC_WARN_UNINITIALIZED_AUTOS = YES_AGGRESSIVE;
				GCC_WARN_UNUSED_FUNCTION = YES;
				GCC_WARN_UNUSED_VARIABLE = YES;
				IPHONEOS_DEPLOYMENT_TARGET = 15.5;
				MTL_ENABLE_DEBUG_INFO = NO;
				MTL_FAST_MATH = YES;
				SDKROOT = iphoneos;
				SWIFT_COMPILATION_MODE = wholemodule;
				SWIFT_OPTIMIZATION_LEVEL = "-O";
				VALIDATE_PRODUCT = YES;
			};
			name = Release;
		};
		37B50CD22899B57400E2833E /* Debug */ = {
			isa = XCBuildConfiguration;
			buildSettings = {
				ASSETCATALOG_COMPILER_APPICON_NAME = AppIcon;
				ASSETCATALOG_COMPILER_GLOBAL_ACCENT_COLOR_NAME = AccentColor;
				CODE_SIGN_STYLE = Automatic;
				CURRENT_PROJECT_VERSION = 1;
				DEVELOPMENT_TEAM = 7J662A57EN;
				GENERATE_INFOPLIST_FILE = YES;
				INFOPLIST_FILE = Bankey/Info.plist;
				INFOPLIST_KEY_UIApplicationSupportsIndirectInputEvents = YES;
				INFOPLIST_KEY_UILaunchStoryboardName = LaunchScreen;
				INFOPLIST_KEY_UISupportedInterfaceOrientations_iPad = "UIInterfaceOrientationPortrait UIInterfaceOrientationPortraitUpsideDown UIInterfaceOrientationLandscapeLeft UIInterfaceOrientationLandscapeRight";
				INFOPLIST_KEY_UISupportedInterfaceOrientations_iPhone = "UIInterfaceOrientationPortrait UIInterfaceOrientationLandscapeLeft UIInterfaceOrientationLandscapeRight";
				LD_RUNPATH_SEARCH_PATHS = (
					"$(inherited)",
					"@executable_path/Frameworks",
				);
				MARKETING_VERSION = 1.0;
				PRODUCT_BUNDLE_IDENTIFIER = com.nitsujnella.Bankey;
				PRODUCT_NAME = "$(TARGET_NAME)";
				SWIFT_EMIT_LOC_STRINGS = YES;
				SWIFT_VERSION = 5.0;
				TARGETED_DEVICE_FAMILY = "1,2";
			};
			name = Debug;
		};
		37B50CD32899B57400E2833E /* Release */ = {
			isa = XCBuildConfiguration;
			buildSettings = {
				ASSETCATALOG_COMPILER_APPICON_NAME = AppIcon;
				ASSETCATALOG_COMPILER_GLOBAL_ACCENT_COLOR_NAME = AccentColor;
				CODE_SIGN_STYLE = Automatic;
				CURRENT_PROJECT_VERSION = 1;
				DEVELOPMENT_TEAM = 7J662A57EN;
				GENERATE_INFOPLIST_FILE = YES;
				INFOPLIST_FILE = Bankey/Info.plist;
				INFOPLIST_KEY_UIApplicationSupportsIndirectInputEvents = YES;
				INFOPLIST_KEY_UILaunchStoryboardName = LaunchScreen;
				INFOPLIST_KEY_UISupportedInterfaceOrientations_iPad = "UIInterfaceOrientationPortrait UIInterfaceOrientationPortraitUpsideDown UIInterfaceOrientationLandscapeLeft UIInterfaceOrientationLandscapeRight";
				INFOPLIST_KEY_UISupportedInterfaceOrientations_iPhone = "UIInterfaceOrientationPortrait UIInterfaceOrientationLandscapeLeft UIInterfaceOrientationLandscapeRight";
				LD_RUNPATH_SEARCH_PATHS = (
					"$(inherited)",
					"@executable_path/Frameworks",
				);
				MARKETING_VERSION = 1.0;
				PRODUCT_BUNDLE_IDENTIFIER = com.nitsujnella.Bankey;
				PRODUCT_NAME = "$(TARGET_NAME)";
				SWIFT_EMIT_LOC_STRINGS = YES;
				SWIFT_VERSION = 5.0;
				TARGETED_DEVICE_FAMILY = "1,2";
			};
			name = Release;
		};
/* End XCBuildConfiguration section */

/* Begin XCConfigurationList section */
		372D55E128AED8E4006F1C8D /* Build configuration list for PBXNativeTarget "BankeyUnitTests" */ = {
			isa = XCConfigurationList;
			buildConfigurations = (
				372D55E228AED8E4006F1C8D /* Debug */,
				372D55E328AED8E4006F1C8D /* Release */,
			);
			defaultConfigurationIsVisible = 0;
			defaultConfigurationName = Release;
		};
		37B50CB82899B57100E2833E /* Build configuration list for PBXProject "Bankey" */ = {
			isa = XCConfigurationList;
			buildConfigurations = (
				37B50CCF2899B57400E2833E /* Debug */,
				37B50CD02899B57400E2833E /* Release */,
			);
			defaultConfigurationIsVisible = 0;
			defaultConfigurationName = Release;
		};
		37B50CD12899B57400E2833E /* Build configuration list for PBXNativeTarget "Bankey" */ = {
			isa = XCConfigurationList;
			buildConfigurations = (
				37B50CD22899B57400E2833E /* Debug */,
				37B50CD32899B57400E2833E /* Release */,
			);
			defaultConfigurationIsVisible = 0;
			defaultConfigurationName = Release;
		};
/* End XCConfigurationList section */
	};
	rootObject = 37B50CB52899B57100E2833E /* Project object */;
}
